
Microsoft Visual Studio Solution File, Format Version 12.00
# Visual Studio Version 16
VisualStudioVersion = 16.0.30011.22
MinimumVisualStudioVersion = 10.0.40219.1
Project("{FAE04EC0-301F-11D3-BF4B-00C04F79EFBC}") = "BirdAPI", "BirdAPI\BirdAPI.csproj", "{02932F5D-2602-46D0-B7BD-678F4B2D4270}"
EndProject
Project("{FAE04EC0-301F-11D3-BF4B-00C04F79EFBC}") = "Repository", "Repository\Repository.csproj", "{66402923-9199-4D5B-B05E-3BF329D99CCD}"
EndProject
Global
	GlobalSection(SolutionConfigurationPlatforms) = preSolution
		Debug|Any CPU = Debug|Any CPU
		Release|Any CPU = Release|Any CPU
	EndGlobalSection
	GlobalSection(ProjectConfigurationPlatforms) = postSolution
		{02932F5D-2602-46D0-B7BD-678F4B2D4270}.Debug|Any CPU.ActiveCfg = Debug|Any CPU
		{02932F5D-2602-46D0-B7BD-678F4B2D4270}.Debug|Any CPU.Build.0 = Debug|Any CPU
		{02932F5D-2602-46D0-B7BD-678F4B2D4270}.Release|Any CPU.ActiveCfg = Release|Any CPU
		{02932F5D-2602-46D0-B7BD-678F4B2D4270}.Release|Any CPU.Build.0 = Release|Any CPU
		{66402923-9199-4D5B-B05E-3BF329D99CCD}.Debug|Any CPU.ActiveCfg = Debug|Any CPU
		{66402923-9199-4D5B-B05E-3BF329D99CCD}.Debug|Any CPU.Build.0 = Debug|Any CPU
		{66402923-9199-4D5B-B05E-3BF329D99CCD}.Release|Any CPU.ActiveCfg = Release|Any CPU
		{66402923-9199-4D5B-B05E-3BF329D99CCD}.Release|Any CPU.Build.0 = Release|Any CPU
	EndGlobalSection
	GlobalSection(SolutionProperties) = preSolution
		HideSolutionNode = FALSE
	EndGlobalSection
	GlobalSection(ExtensibilityGlobals) = postSolution
		SolutionGuid = {1C083531-5EAE-4340-A5AA-A4DDAA3FAB29}
	EndGlobalSection
EndGlobal
